{
  "pins" : [
    {
      "identity" : "swift-docc-symbolkit",
      "kind" : "remoteSourceControl",
      "location" : "https://github.com/apple/swift-docc-symbolkit.git",
      "state" : {
        "branch" : "main",
        "revision" : "1d5aba8186fc648e17b30631b34043110ca8dd19"
      }
    }
  ],
  "version" : 2
}
